// !$*UTF8*$!
{
	archiveVersion = 1;
	classes = {
	};
	objectVersion = 56;
	objects = {

/* Begin PBXBuildFile section */
		584EA12881A51AE2F1BF1416 /* Pods_VinylApp.framework in Frameworks */ = {isa = PBXBuildFile; fileRef = EBF9BEE0C09F903E47E7DEF9 /* Pods_VinylApp.framework */; };
		6602FA752B1BF5320043CC93 /* error.png in Resources */ = {isa = PBXBuildFile; fileRef = 6602FA742B1BF5320043CC93 /* error.png */; };
		66102FBB2B60435F001A188B /* SubscriptionManager.swift in Sources */ = {isa = PBXBuildFile; fileRef = 66102FBA2B60435F001A188B /* SubscriptionManager.swift */; };
		661BF4EE2B1696E300BBAA16 /* HomeView.swift in Sources */ = {isa = PBXBuildFile; fileRef = 661BF4ED2B1696E300BBAA16 /* HomeView.swift */; };
		662A9AC62B587DC200A39EA6 /* Spotify_Logo.png in Resources */ = {isa = PBXBuildFile; fileRef = 662A9AC52B587DC200A39EA6 /* Spotify_Logo.png */; };
		664F343B2B2BB90100613F01 /* SpotfiyLogInView.swift in Sources */ = {isa = PBXBuildFile; fileRef = 664F343A2B2BB90100613F01 /* SpotfiyLogInView.swift */; };
		664F343F2B2BC3D100613F01 /* LogInView.swift in Sources */ = {isa = PBXBuildFile; fileRef = 664F343E2B2BC3D100613F01 /* LogInView.swift */; };
		66547A102AE6DE3F009CD777 /* AudioTrack.swift in Sources */ = {isa = PBXBuildFile; fileRef = 66547A0F2AE6DE3F009CD777 /* AudioTrack.swift */; };
		66547A122AE6DF74009CD777 /* Album.swift in Sources */ = {isa = PBXBuildFile; fileRef = 66547A112AE6DF74009CD777 /* Album.swift */; };
		66547A142AE6E0D5009CD777 /* APIImage.swift in Sources */ = {isa = PBXBuildFile; fileRef = 66547A132AE6E0D5009CD777 /* APIImage.swift */; };
		66547A162AE6E271009CD777 /* Artist.swift in Sources */ = {isa = PBXBuildFile; fileRef = 66547A152AE6E271009CD777 /* Artist.swift */; };
		66547A182AE6E538009CD777 /* Playlist.swift in Sources */ = {isa = PBXBuildFile; fileRef = 66547A172AE6E538009CD777 /* Playlist.swift */; };
		66547A1C2AE6EFD6009CD777 /* AlbumDetailsResponse.swift in Sources */ = {isa = PBXBuildFile; fileRef = 66547A1B2AE6EFD6009CD777 /* AlbumDetailsResponse.swift */; };
		66547A1E2AE6F2C7009CD777 /* PlaylistDetailsResponse.swift in Sources */ = {isa = PBXBuildFile; fileRef = 66547A1D2AE6F2C7009CD777 /* PlaylistDetailsResponse.swift */; };
		66547A202AE6FA88009CD777 /* TrackCollectionViewCell.swift in Sources */ = {isa = PBXBuildFile; fileRef = 66547A1F2AE6FA88009CD777 /* TrackCollectionViewCell.swift */; };
		66547A232AE7049F009CD777 /* RecommendedTrackCellViewModel.swift in Sources */ = {isa = PBXBuildFile; fileRef = 66547A222AE7049F009CD777 /* RecommendedTrackCellViewModel.swift */; };
		66547A292AE72ED1009CD777 /* LibraryPlaylistsResponse.swift in Sources */ = {isa = PBXBuildFile; fileRef = 66547A282AE72ED1009CD777 /* LibraryPlaylistsResponse.swift */; };
		66547A2B2AE731A9009CD777 /* ActionLabelView.swift in Sources */ = {isa = PBXBuildFile; fileRef = 66547A2A2AE731A9009CD777 /* ActionLabelView.swift */; };
		66547A2F2AE75ACA009CD777 /* PlaylistCollectionViewCell.swift in Sources */ = {isa = PBXBuildFile; fileRef = 66547A2E2AE75ACA009CD777 /* PlaylistCollectionViewCell.swift */; };
		6655DB212AE1FD8F00BC619F /* GoogleService-Info.plist in Resources */ = {isa = PBXBuildFile; fileRef = 6655DB202AE1FD8F00BC619F /* GoogleService-Info.plist */; };
		6655DB242AE4557400BC619F /* SpotifyiOS in Frameworks */ = {isa = PBXBuildFile; productRef = 6655DB232AE4557400BC619F /* SpotifyiOS */; };
		6668831B2B0E6E86005864D0 /* clean-background.png in Resources */ = {isa = PBXBuildFile; fileRef = 6668831A2B0E6E86005864D0 /* clean-background.png */; };
		6668831D2B0E6E8B005864D0 /* clean-logo.png in Resources */ = {isa = PBXBuildFile; fileRef = 6668831C2B0E6E8B005864D0 /* clean-logo.png */; };
		666E43332B2B89F500B7FBDC /* SignUpView.swift in Sources */ = {isa = PBXBuildFile; fileRef = 666E43322B2B89F500B7FBDC /* SignUpView.swift */; };
		6673F4072B17E55600A18E79 /* Inter-Bold.ttf in Resources */ = {isa = PBXBuildFile; fileRef = 6673F4062B17E55600A18E79 /* Inter-Bold.ttf */; };
		6673F4092B17E55C00A18E79 /* Inter-SemiBold.ttf in Resources */ = {isa = PBXBuildFile; fileRef = 6673F4082B17E55C00A18E79 /* Inter-SemiBold.ttf */; };
		6673F40B2B18527200A18E79 /* writing_man_trans.png in Resources */ = {isa = PBXBuildFile; fileRef = 6673F40A2B18527200A18E79 /* writing_man_trans.png */; };
		6673F40D2B18634000A18E79 /* transparentmusicman.png in Resources */ = {isa = PBXBuildFile; fileRef = 6673F40C2B18634000A18E79 /* transparentmusicman.png */; };
		6673F40F2B1901D900A18E79 /* headphones_man.jpeg in Resources */ = {isa = PBXBuildFile; fileRef = 6673F40E2B1901D900A18E79 /* headphones_man.jpeg */; };
		6673F4132B19033C00A18E79 /* Inter-Regular.ttf in Resources */ = {isa = PBXBuildFile; fileRef = 6673F4122B19033C00A18E79 /* Inter-Regular.ttf */; };
		6673F4152B19034700A18E79 /* Inter-Light.ttf in Resources */ = {isa = PBXBuildFile; fileRef = 6673F4142B19034700A18E79 /* Inter-Light.ttf */; };
		6673F4192B19077000A18E79 /* 70s_man.png in Resources */ = {isa = PBXBuildFile; fileRef = 6673F4182B19077000A18E79 /* 70s_man.png */; };
		66784C112B19959B00EDCB4B /* vinyl3.png in Resources */ = {isa = PBXBuildFile; fileRef = 66784C102B19959B00EDCB4B /* vinyl3.png */; };
		6681E5AF2AE1FC4700A81DB5 /* AppDelegate.swift in Sources */ = {isa = PBXBuildFile; fileRef = 6681E5AE2AE1FC4700A81DB5 /* AppDelegate.swift */; };
		6681E5B12AE1FC4700A81DB5 /* SceneDelegate.swift in Sources */ = {isa = PBXBuildFile; fileRef = 6681E5B02AE1FC4700A81DB5 /* SceneDelegate.swift */; };
		6681E5B32AE1FC4700A81DB5 /* UploadViewController.swift in Sources */ = {isa = PBXBuildFile; fileRef = 6681E5B22AE1FC4700A81DB5 /* UploadViewController.swift */; };
		6681E5B82AE1FC4800A81DB5 /* Assets.xcassets in Resources */ = {isa = PBXBuildFile; fileRef = 6681E5B72AE1FC4800A81DB5 /* Assets.xcassets */; };
		6687CE942B2C1ECB009FAAEC /* ProfileViewController.swift in Sources */ = {isa = PBXBuildFile; fileRef = 6687CE932B2C1ECB009FAAEC /* ProfileViewController.swift */; };
		669CFFBF2B237B77007ECC81 /* Spotify_Icon.png in Resources */ = {isa = PBXBuildFile; fileRef = 669CFFBE2B237B77007ECC81 /* Spotify_Icon.png */; };
		66A0A0DA2AE63223002EE3B6 /* TabBarViewController.swift in Sources */ = {isa = PBXBuildFile; fileRef = 66A0A0D92AE63223002EE3B6 /* TabBarViewController.swift */; };
		66A0A0DC2AE64AA1002EE3B6 /* APICaller.swift in Sources */ = {isa = PBXBuildFile; fileRef = 66A0A0DB2AE64AA1002EE3B6 /* APICaller.swift */; };
		66A0A0DE2AE64B21002EE3B6 /* UserProfile.swift in Sources */ = {isa = PBXBuildFile; fileRef = 66A0A0DD2AE64B21002EE3B6 /* UserProfile.swift */; };
		66A0A0E42AE65D4C002EE3B6 /* SettingsViewController.swift in Sources */ = {isa = PBXBuildFile; fileRef = 66A0A0E32AE65D4C002EE3B6 /* SettingsViewController.swift */; };
		66B3B9682AE77F0D00129B1F /* PlayerControlsView.swift in Sources */ = {isa = PBXBuildFile; fileRef = 66B3B9672AE77F0D00129B1F /* PlayerControlsView.swift */; };
		66B7A4952B0DEE5A004C81D5 /* spotify_image.png in Resources */ = {isa = PBXBuildFile; fileRef = 66B7A4942B0DEE5A004C81D5 /* spotify_image.png */; };
		66DC737A2B0FE93A007ECCB5 /* LabelTexts.swift in Sources */ = {isa = PBXBuildFile; fileRef = 66DC73792B0FE93A007ECCB5 /* LabelTexts.swift */; };
		66DC737C2B0FEC0A007ECCB5 /* AppColors.swift in Sources */ = {isa = PBXBuildFile; fileRef = 66DC737B2B0FEC0A007ECCB5 /* AppColors.swift */; };
		66DF26142B5DBE29007C734B /* Spotify_Icon_White.png in Resources */ = {isa = PBXBuildFile; fileRef = 66DF26132B5DBE29007C734B /* Spotify_Icon_White.png */; };
		66DF3CD62AE61733003CB1E2 /* AuthManager.swift in Sources */ = {isa = PBXBuildFile; fileRef = 66DF3CD52AE61733003CB1E2 /* AuthManager.swift */; };
		66DF3CD82AE61B08003CB1E2 /* AuthViewController.swift in Sources */ = {isa = PBXBuildFile; fileRef = 66DF3CD72AE61B08003CB1E2 /* AuthViewController.swift */; };
		66DF3CDA2AE61D7C003CB1E2 /* Extensions.swift in Sources */ = {isa = PBXBuildFile; fileRef = 66DF3CD92AE61D7C003CB1E2 /* Extensions.swift */; };
		66DF3CDE2AE62C06003CB1E2 /* AuthResponse.swift in Sources */ = {isa = PBXBuildFile; fileRef = 66DF3CDD2AE62C06003CB1E2 /* AuthResponse.swift */; };
		66E2DB5C2B16CCC100F44F93 /* FirestoreManager.swift in Sources */ = {isa = PBXBuildFile; fileRef = 66E2DB5B2B16CCC100F44F93 /* FirestoreManager.swift */; };
		66F70F972B0C9A42005062AD /* Launch Screen.storyboard in Resources */ = {isa = PBXBuildFile; fileRef = 66F70F962B0C9A42005062AD /* Launch Screen.storyboard */; };
		66F70FA62B0D1722005062AD /* Outfit-Bold.ttf in Resources */ = {isa = PBXBuildFile; fileRef = 66F70FA52B0D1722005062AD /* Outfit-Bold.ttf */; };
		66F70FA82B0D1765005062AD /* ZillaSlab-Light.ttf in Resources */ = {isa = PBXBuildFile; fileRef = 66F70FA72B0D1765005062AD /* ZillaSlab-Light.ttf */; };
		66FCA19D2B1566C700741A1A /* SDWebImageSwiftUI in Frameworks */ = {isa = PBXBuildFile; productRef = 66FCA19C2B1566C700741A1A /* SDWebImageSwiftUI */; };
		66FCA19F2B1566D600741A1A /* SDWebImageSwiftUI in Frameworks */ = {isa = PBXBuildFile; productRef = 66FCA19E2B1566D600741A1A /* SDWebImageSwiftUI */; };
		66FCA1A12B16617D00741A1A /* Playlist2VC.swift in Sources */ = {isa = PBXBuildFile; fileRef = 66FCA1A02B16617D00741A1A /* Playlist2VC.swift */; };
		66FCA1A32B16850100741A1A /* Inter-Medium.ttf in Resources */ = {isa = PBXBuildFile; fileRef = 66FCA1A22B16850100741A1A /* Inter-Medium.ttf */; };
		66FCA1A72B168B5800741A1A /* LibraryView.swift in Sources */ = {isa = PBXBuildFile; fileRef = 66FCA1A62B168B5800741A1A /* LibraryView.swift */; };
		FC9F952A2B5CEA33004E071E /* UploadView.swift in Sources */ = {isa = PBXBuildFile; fileRef = FC9F95292B5CEA33004E071E /* UploadView.swift */; };
		FC9F952C2B5DE64C004E071E /* ImageManager.swift in Sources */ = {isa = PBXBuildFile; fileRef = FC9F952B2B5DE64C004E071E /* ImageManager.swift */; };
/* End PBXBuildFile section */

/* Begin PBXFileReference section */
		03FF342FB39FF7DD9A9F8F52 /* Pods-VinylApp.release.xcconfig */ = {isa = PBXFileReference; includeInIndex = 1; lastKnownFileType = text.xcconfig; name = "Pods-VinylApp.release.xcconfig"; path = "Target Support Files/Pods-VinylApp/Pods-VinylApp.release.xcconfig"; sourceTree = "<group>"; };
		19D9796EE849F97032D6ADFA /* Pods-VinylApp.debug.xcconfig */ = {isa = PBXFileReference; includeInIndex = 1; lastKnownFileType = text.xcconfig; name = "Pods-VinylApp.debug.xcconfig"; path = "Target Support Files/Pods-VinylApp/Pods-VinylApp.debug.xcconfig"; sourceTree = "<group>"; };
		6602FA742B1BF5320043CC93 /* error.png */ = {isa = PBXFileReference; lastKnownFileType = image.png; name = error.png; path = ../../../vinyl_images/error.png; sourceTree = "<group>"; };
		66102FBA2B60435F001A188B /* SubscriptionManager.swift */ = {isa = PBXFileReference; lastKnownFileType = sourcecode.swift; path = SubscriptionManager.swift; sourceTree = "<group>"; };
		66102FBF2B605616001A188B /* AurifySubscriptions.storekit */ = {isa = PBXFileReference; lastKnownFileType = text; path = AurifySubscriptions.storekit; sourceTree = "<group>"; };
		661BF4ED2B1696E300BBAA16 /* HomeView.swift */ = {isa = PBXFileReference; lastKnownFileType = sourcecode.swift; path = HomeView.swift; sourceTree = "<group>"; };
		662A9AC52B587DC200A39EA6 /* Spotify_Logo.png */ = {isa = PBXFileReference; lastKnownFileType = image.png; name = Spotify_Logo.png; path = vinyl_images/Spotify_Logo.png; sourceTree = SOURCE_ROOT; };
		662F79DE2AE48BA500CEF5CD /* VinylApp-Bridging-Header.h */ = {isa = PBXFileReference; lastKnownFileType = sourcecode.c.h; path = "VinylApp-Bridging-Header.h"; sourceTree = "<group>"; };
		664F343A2B2BB90100613F01 /* SpotfiyLogInView.swift */ = {isa = PBXFileReference; lastKnownFileType = sourcecode.swift; path = SpotfiyLogInView.swift; sourceTree = "<group>"; };
		664F343E2B2BC3D100613F01 /* LogInView.swift */ = {isa = PBXFileReference; lastKnownFileType = sourcecode.swift; path = LogInView.swift; sourceTree = "<group>"; };
		66547A0F2AE6DE3F009CD777 /* AudioTrack.swift */ = {isa = PBXFileReference; lastKnownFileType = sourcecode.swift; path = AudioTrack.swift; sourceTree = "<group>"; };
		66547A112AE6DF74009CD777 /* Album.swift */ = {isa = PBXFileReference; lastKnownFileType = sourcecode.swift; path = Album.swift; sourceTree = "<group>"; };
		66547A132AE6E0D5009CD777 /* APIImage.swift */ = {isa = PBXFileReference; lastKnownFileType = sourcecode.swift; path = APIImage.swift; sourceTree = "<group>"; };
		66547A152AE6E271009CD777 /* Artist.swift */ = {isa = PBXFileReference; lastKnownFileType = sourcecode.swift; path = Artist.swift; sourceTree = "<group>"; };
		66547A172AE6E538009CD777 /* Playlist.swift */ = {isa = PBXFileReference; lastKnownFileType = sourcecode.swift; path = Playlist.swift; sourceTree = "<group>"; };
		66547A1B2AE6EFD6009CD777 /* AlbumDetailsResponse.swift */ = {isa = PBXFileReference; lastKnownFileType = sourcecode.swift; path = AlbumDetailsResponse.swift; sourceTree = "<group>"; };
		66547A1D2AE6F2C7009CD777 /* PlaylistDetailsResponse.swift */ = {isa = PBXFileReference; lastKnownFileType = sourcecode.swift; path = PlaylistDetailsResponse.swift; sourceTree = "<group>"; };
		66547A1F2AE6FA88009CD777 /* TrackCollectionViewCell.swift */ = {isa = PBXFileReference; lastKnownFileType = sourcecode.swift; path = TrackCollectionViewCell.swift; sourceTree = "<group>"; };
		66547A222AE7049F009CD777 /* RecommendedTrackCellViewModel.swift */ = {isa = PBXFileReference; lastKnownFileType = sourcecode.swift; path = RecommendedTrackCellViewModel.swift; sourceTree = "<group>"; };
		66547A282AE72ED1009CD777 /* LibraryPlaylistsResponse.swift */ = {isa = PBXFileReference; lastKnownFileType = sourcecode.swift; path = LibraryPlaylistsResponse.swift; sourceTree = "<group>"; };
		66547A2A2AE731A9009CD777 /* ActionLabelView.swift */ = {isa = PBXFileReference; lastKnownFileType = sourcecode.swift; path = ActionLabelView.swift; sourceTree = "<group>"; };
		66547A2E2AE75ACA009CD777 /* PlaylistCollectionViewCell.swift */ = {isa = PBXFileReference; lastKnownFileType = sourcecode.swift; path = PlaylistCollectionViewCell.swift; sourceTree = "<group>"; };
		6655DB202AE1FD8F00BC619F /* GoogleService-Info.plist */ = {isa = PBXFileReference; fileEncoding = 4; lastKnownFileType = text.plist.xml; path = "GoogleService-Info.plist"; sourceTree = "<group>"; };
		6668831A2B0E6E86005864D0 /* clean-background.png */ = {isa = PBXFileReference; lastKnownFileType = image.png; name = "clean-background.png"; path = "../../../vinyl_images/clean-background.png"; sourceTree = "<group>"; };
		6668831C2B0E6E8B005864D0 /* clean-logo.png */ = {isa = PBXFileReference; lastKnownFileType = image.png; name = "clean-logo.png"; path = "../../../vinyl_images/clean-logo.png"; sourceTree = "<group>"; };
		666E43322B2B89F500B7FBDC /* SignUpView.swift */ = {isa = PBXFileReference; lastKnownFileType = sourcecode.swift; path = SignUpView.swift; sourceTree = "<group>"; };
		6673F4062B17E55600A18E79 /* Inter-Bold.ttf */ = {isa = PBXFileReference; lastKnownFileType = file; name = "Inter-Bold.ttf"; path = "../../../vinyl_images/Inter/static/Inter-Bold.ttf"; sourceTree = "<group>"; };
		6673F4082B17E55C00A18E79 /* Inter-SemiBold.ttf */ = {isa = PBXFileReference; lastKnownFileType = file; name = "Inter-SemiBold.ttf"; path = "../../../vinyl_images/Inter/static/Inter-SemiBold.ttf"; sourceTree = "<group>"; };
		6673F40A2B18527200A18E79 /* writing_man_trans.png */ = {isa = PBXFileReference; lastKnownFileType = image.png; name = writing_man_trans.png; path = ../../../vinyl_images/writing_man_trans.png; sourceTree = "<group>"; };
		6673F40C2B18634000A18E79 /* transparentmusicman.png */ = {isa = PBXFileReference; lastKnownFileType = image.png; name = transparentmusicman.png; path = ../../../vinyl_images/transparentmusicman.png; sourceTree = "<group>"; };
		6673F40E2B1901D900A18E79 /* headphones_man.jpeg */ = {isa = PBXFileReference; lastKnownFileType = image.jpeg; name = headphones_man.jpeg; path = ../../../vinyl_images/headphones_man.jpeg; sourceTree = "<group>"; };
		6673F4122B19033C00A18E79 /* Inter-Regular.ttf */ = {isa = PBXFileReference; lastKnownFileType = file; name = "Inter-Regular.ttf"; path = "../../../vinyl_images/Inter/static/Inter-Regular.ttf"; sourceTree = "<group>"; };
		6673F4142B19034700A18E79 /* Inter-Light.ttf */ = {isa = PBXFileReference; lastKnownFileType = file; name = "Inter-Light.ttf"; path = "../../../vinyl_images/Inter/static/Inter-Light.ttf"; sourceTree = "<group>"; };
		6673F4182B19077000A18E79 /* 70s_man.png */ = {isa = PBXFileReference; lastKnownFileType = image.png; name = 70s_man.png; path = ../../../vinyl_images/70s_man.png; sourceTree = "<group>"; };
		66784C102B19959B00EDCB4B /* vinyl3.png */ = {isa = PBXFileReference; lastKnownFileType = image.png; name = vinyl3.png; path = ../../../vinyl_images/vinyl3.png; sourceTree = "<group>"; };
		6681E5AB2AE1FC4700A81DB5 /* VinylApp.app */ = {isa = PBXFileReference; explicitFileType = wrapper.application; includeInIndex = 0; path = VinylApp.app; sourceTree = BUILT_PRODUCTS_DIR; };
		6681E5AE2AE1FC4700A81DB5 /* AppDelegate.swift */ = {isa = PBXFileReference; lastKnownFileType = sourcecode.swift; path = AppDelegate.swift; sourceTree = "<group>"; };
		6681E5B02AE1FC4700A81DB5 /* SceneDelegate.swift */ = {isa = PBXFileReference; lastKnownFileType = sourcecode.swift; path = SceneDelegate.swift; sourceTree = "<group>"; };
		6681E5B22AE1FC4700A81DB5 /* UploadViewController.swift */ = {isa = PBXFileReference; lastKnownFileType = sourcecode.swift; path = UploadViewController.swift; sourceTree = "<group>"; };
		6681E5B72AE1FC4800A81DB5 /* Assets.xcassets */ = {isa = PBXFileReference; lastKnownFileType = folder.assetcatalog; path = Assets.xcassets; sourceTree = "<group>"; };
		6681E5BC2AE1FC4800A81DB5 /* Info.plist */ = {isa = PBXFileReference; lastKnownFileType = text.plist.xml; path = Info.plist; sourceTree = "<group>"; };
		6687CE932B2C1ECB009FAAEC /* ProfileViewController.swift */ = {isa = PBXFileReference; fileEncoding = 4; lastKnownFileType = sourcecode.swift; path = ProfileViewController.swift; sourceTree = "<group>"; };
		669CFFBE2B237B77007ECC81 /* Spotify_Icon.png */ = {isa = PBXFileReference; lastKnownFileType = image.png; name = Spotify_Icon.png; path = ../../../vinyl_images/Spotify_Icon.png; sourceTree = "<group>"; };
		66A0A0D92AE63223002EE3B6 /* TabBarViewController.swift */ = {isa = PBXFileReference; lastKnownFileType = sourcecode.swift; path = TabBarViewController.swift; sourceTree = "<group>"; };
		66A0A0DB2AE64AA1002EE3B6 /* APICaller.swift */ = {isa = PBXFileReference; lastKnownFileType = sourcecode.swift; path = APICaller.swift; sourceTree = "<group>"; };
		66A0A0DD2AE64B21002EE3B6 /* UserProfile.swift */ = {isa = PBXFileReference; lastKnownFileType = sourcecode.swift; path = UserProfile.swift; sourceTree = "<group>"; };
		66A0A0E32AE65D4C002EE3B6 /* SettingsViewController.swift */ = {isa = PBXFileReference; lastKnownFileType = sourcecode.swift; path = SettingsViewController.swift; sourceTree = "<group>"; };
		66B3B9672AE77F0D00129B1F /* PlayerControlsView.swift */ = {isa = PBXFileReference; lastKnownFileType = sourcecode.swift; path = PlayerControlsView.swift; sourceTree = "<group>"; };
		66B7A4942B0DEE5A004C81D5 /* spotify_image.png */ = {isa = PBXFileReference; lastKnownFileType = image.png; name = spotify_image.png; path = ../../../vinyl_images/spotify_image.png; sourceTree = "<group>"; };
		66DC73792B0FE93A007ECCB5 /* LabelTexts.swift */ = {isa = PBXFileReference; lastKnownFileType = sourcecode.swift; path = LabelTexts.swift; sourceTree = "<group>"; };
		66DC737B2B0FEC0A007ECCB5 /* AppColors.swift */ = {isa = PBXFileReference; lastKnownFileType = sourcecode.swift; path = AppColors.swift; sourceTree = "<group>"; };
		66DF26132B5DBE29007C734B /* Spotify_Icon_White.png */ = {isa = PBXFileReference; lastKnownFileType = image.png; name = Spotify_Icon_White.png; path = vinyl_images/Spotify_Icon_White.png; sourceTree = SOURCE_ROOT; };
		66DF3CD52AE61733003CB1E2 /* AuthManager.swift */ = {isa = PBXFileReference; lastKnownFileType = sourcecode.swift; path = AuthManager.swift; sourceTree = "<group>"; };
		66DF3CD72AE61B08003CB1E2 /* AuthViewController.swift */ = {isa = PBXFileReference; lastKnownFileType = sourcecode.swift; path = AuthViewController.swift; sourceTree = "<group>"; };
		66DF3CD92AE61D7C003CB1E2 /* Extensions.swift */ = {isa = PBXFileReference; lastKnownFileType = sourcecode.swift; path = Extensions.swift; sourceTree = "<group>"; };
		66DF3CDD2AE62C06003CB1E2 /* AuthResponse.swift */ = {isa = PBXFileReference; lastKnownFileType = sourcecode.swift; path = AuthResponse.swift; sourceTree = "<group>"; };
		66E2DB5B2B16CCC100F44F93 /* FirestoreManager.swift */ = {isa = PBXFileReference; lastKnownFileType = sourcecode.swift; path = FirestoreManager.swift; sourceTree = "<group>"; };
		66F70F962B0C9A42005062AD /* Launch Screen.storyboard */ = {isa = PBXFileReference; lastKnownFileType = file.storyboard; path = "Launch Screen.storyboard"; sourceTree = "<group>"; };
		66F70FA52B0D1722005062AD /* Outfit-Bold.ttf */ = {isa = PBXFileReference; lastKnownFileType = file; name = "Outfit-Bold.ttf"; path = "../../../vinyl_images/Outfit/static/Outfit-Bold.ttf"; sourceTree = "<group>"; };
		66F70FA72B0D1765005062AD /* ZillaSlab-Light.ttf */ = {isa = PBXFileReference; lastKnownFileType = file; name = "ZillaSlab-Light.ttf"; path = "../../../vinyl_images/Zilla_Slab/ZillaSlab-Light.ttf"; sourceTree = "<group>"; };
		66FCA1A02B16617D00741A1A /* Playlist2VC.swift */ = {isa = PBXFileReference; lastKnownFileType = sourcecode.swift; path = Playlist2VC.swift; sourceTree = "<group>"; };
		66FCA1A22B16850100741A1A /* Inter-Medium.ttf */ = {isa = PBXFileReference; lastKnownFileType = file; name = "Inter-Medium.ttf"; path = "../../../vinyl_images/Inter/static/Inter-Medium.ttf"; sourceTree = "<group>"; };
		66FCA1A62B168B5800741A1A /* LibraryView.swift */ = {isa = PBXFileReference; lastKnownFileType = sourcecode.swift; path = LibraryView.swift; sourceTree = "<group>"; };
		EBF9BEE0C09F903E47E7DEF9 /* Pods_VinylApp.framework */ = {isa = PBXFileReference; explicitFileType = wrapper.framework; includeInIndex = 0; path = Pods_VinylApp.framework; sourceTree = BUILT_PRODUCTS_DIR; };
		FC9F95292B5CEA33004E071E /* UploadView.swift */ = {isa = PBXFileReference; lastKnownFileType = sourcecode.swift; path = UploadView.swift; sourceTree = "<group>"; };
		FC9F952B2B5DE64C004E071E /* ImageManager.swift */ = {isa = PBXFileReference; lastKnownFileType = sourcecode.swift; path = ImageManager.swift; sourceTree = "<group>"; };
/* End PBXFileReference section */

/* Begin PBXFrameworksBuildPhase section */
		6681E5A82AE1FC4700A81DB5 /* Frameworks */ = {
			isa = PBXFrameworksBuildPhase;
			buildActionMask = 2147483647;
			files = (
				66FCA19F2B1566D600741A1A /* SDWebImageSwiftUI in Frameworks */,
				66FCA19D2B1566C700741A1A /* SDWebImageSwiftUI in Frameworks */,
				6655DB242AE4557400BC619F /* SpotifyiOS in Frameworks */,
				584EA12881A51AE2F1BF1416 /* Pods_VinylApp.framework in Frameworks */,
			);
			runOnlyForDeploymentPostprocessing = 0;
		};
/* End PBXFrameworksBuildPhase section */

/* Begin PBXGroup section */
		66547A0E2AE67887009CD777 /* Other */ = {
			isa = PBXGroup;
			children = (
				66A0A0E32AE65D4C002EE3B6 /* SettingsViewController.swift */,
				66DF3CD72AE61B08003CB1E2 /* AuthViewController.swift */,
				66FCA1A02B16617D00741A1A /* Playlist2VC.swift */,
				666E43322B2B89F500B7FBDC /* SignUpView.swift */,
				664F343A2B2BB90100613F01 /* SpotfiyLogInView.swift */,
				6687CE932B2C1ECB009FAAEC /* ProfileViewController.swift */,
				664F343E2B2BC3D100613F01 /* LogInView.swift */,
			);
			path = Other;
			sourceTree = "<group>";
		};
		66547A212AE7047F009CD777 /* ViewModels */ = {
			isa = PBXGroup;
			children = (
				66547A222AE7049F009CD777 /* RecommendedTrackCellViewModel.swift */,
			);
			path = ViewModels;
			sourceTree = "<group>";
		};
		6681E5A22AE1FC4700A81DB5 = {
			isa = PBXGroup;
			children = (
				6681E5AD2AE1FC4700A81DB5 /* VinylApp */,
				6681E5AC2AE1FC4700A81DB5 /* Products */,
				E08D81AF2E75D7E5F7884D03 /* Pods */,
				868AF16C97027B470AB69AA3 /* Frameworks */,
			);
			sourceTree = "<group>";
		};
		6681E5AC2AE1FC4700A81DB5 /* Products */ = {
			isa = PBXGroup;
			children = (
				6681E5AB2AE1FC4700A81DB5 /* VinylApp.app */,
			);
			name = Products;
			sourceTree = "<group>";
		};
		6681E5AD2AE1FC4700A81DB5 /* VinylApp */ = {
			isa = PBXGroup;
			children = (
				66547A212AE7047F009CD777 /* ViewModels */,
				66E444922AE675BE004D54EC /* Views */,
				66DF3CDC2AE62BD9003CB1E2 /* Resources */,
				66DF3CDB2AE62BCF003CB1E2 /* Models */,
				66DF3CD42AE6171B003CB1E2 /* Managers */,
				66DF3CD32AE6168D003CB1E2 /* Controllers */,
				6681E5BC2AE1FC4800A81DB5 /* Info.plist */,
				662F79DE2AE48BA500CEF5CD /* VinylApp-Bridging-Header.h */,
			);
			path = VinylApp;
			sourceTree = "<group>";
		};
		66DF3CD32AE6168D003CB1E2 /* Controllers */ = {
			isa = PBXGroup;
			children = (
				66DF3CE72AE630FF003CB1E2 /* Core */,
				66547A0E2AE67887009CD777 /* Other */,
			);
			path = Controllers;
			sourceTree = "<group>";
		};
		66DF3CD42AE6171B003CB1E2 /* Managers */ = {
			isa = PBXGroup;
			children = (
				66DF3CD52AE61733003CB1E2 /* AuthManager.swift */,
				66A0A0DB2AE64AA1002EE3B6 /* APICaller.swift */,
				66E2DB5B2B16CCC100F44F93 /* FirestoreManager.swift */,
				FC9F952B2B5DE64C004E071E /* ImageManager.swift */,
				66102FBA2B60435F001A188B /* SubscriptionManager.swift */,
			);
			path = Managers;
			sourceTree = "<group>";
		};
		66DF3CDB2AE62BCF003CB1E2 /* Models */ = {
			isa = PBXGroup;
			children = (
				66DF3CDD2AE62C06003CB1E2 /* AuthResponse.swift */,
				66A0A0DD2AE64B21002EE3B6 /* UserProfile.swift */,
				66547A0F2AE6DE3F009CD777 /* AudioTrack.swift */,
				66547A112AE6DF74009CD777 /* Album.swift */,
				66547A132AE6E0D5009CD777 /* APIImage.swift */,
				66547A152AE6E271009CD777 /* Artist.swift */,
				66547A172AE6E538009CD777 /* Playlist.swift */,
				66547A1B2AE6EFD6009CD777 /* AlbumDetailsResponse.swift */,
				66547A1D2AE6F2C7009CD777 /* PlaylistDetailsResponse.swift */,
				66547A282AE72ED1009CD777 /* LibraryPlaylistsResponse.swift */,
			);
			path = Models;
			sourceTree = "<group>";
		};
		66DF3CDC2AE62BD9003CB1E2 /* Resources */ = {
			isa = PBXGroup;
			children = (
				66F70FA02B0D152D005062AD /* Fonts */,
				66F70F982B0D103C005062AD /* Images */,
				6655DB202AE1FD8F00BC619F /* GoogleService-Info.plist */,
				6681E5AE2AE1FC4700A81DB5 /* AppDelegate.swift */,
				6681E5B02AE1FC4700A81DB5 /* SceneDelegate.swift */,
				66DF3CD92AE61D7C003CB1E2 /* Extensions.swift */,
				6681E5B72AE1FC4800A81DB5 /* Assets.xcassets */,
				66DC73792B0FE93A007ECCB5 /* LabelTexts.swift */,
				66DC737B2B0FEC0A007ECCB5 /* AppColors.swift */,
				66102FBF2B605616001A188B /* AurifySubscriptions.storekit */,
			);
			path = Resources;
			sourceTree = "<group>";
		};
		66DF3CE72AE630FF003CB1E2 /* Core */ = {
			isa = PBXGroup;
			children = (
				66A0A0D92AE63223002EE3B6 /* TabBarViewController.swift */,
				66FCA1A62B168B5800741A1A /* LibraryView.swift */,
				6681E5B22AE1FC4700A81DB5 /* UploadViewController.swift */,
				661BF4ED2B1696E300BBAA16 /* HomeView.swift */,
			);
			path = Core;
			sourceTree = "<group>";
		};
		66E444922AE675BE004D54EC /* Views */ = {
			isa = PBXGroup;
			children = (
				66547A1F2AE6FA88009CD777 /* TrackCollectionViewCell.swift */,
				66547A2A2AE731A9009CD777 /* ActionLabelView.swift */,
				66547A2E2AE75ACA009CD777 /* PlaylistCollectionViewCell.swift */,
				66B3B9672AE77F0D00129B1F /* PlayerControlsView.swift */,
				66F70F962B0C9A42005062AD /* Launch Screen.storyboard */,
				FC9F95292B5CEA33004E071E /* UploadView.swift */,
			);
			path = Views;
			sourceTree = "<group>";
		};
		66F70F982B0D103C005062AD /* Images */ = {
			isa = PBXGroup;
			children = (
				6602FA742B1BF5320043CC93 /* error.png */,
				6673F40A2B18527200A18E79 /* writing_man_trans.png */,
				6673F40E2B1901D900A18E79 /* headphones_man.jpeg */,
				669CFFBE2B237B77007ECC81 /* Spotify_Icon.png */,
				662A9AC52B587DC200A39EA6 /* Spotify_Logo.png */,
				6668831A2B0E6E86005864D0 /* clean-background.png */,
				6673F40C2B18634000A18E79 /* transparentmusicman.png */,
				66784C102B19959B00EDCB4B /* vinyl3.png */,
				66DF26132B5DBE29007C734B /* Spotify_Icon_White.png */,
				6673F4182B19077000A18E79 /* 70s_man.png */,
				6668831C2B0E6E8B005864D0 /* clean-logo.png */,
				66B7A4942B0DEE5A004C81D5 /* spotify_image.png */,
			);
			path = Images;
			sourceTree = "<group>";
		};
		66F70FA02B0D152D005062AD /* Fonts */ = {
			isa = PBXGroup;
			children = (
				66F70FA52B0D1722005062AD /* Outfit-Bold.ttf */,
				66FCA1A22B16850100741A1A /* Inter-Medium.ttf */,
				6673F4062B17E55600A18E79 /* Inter-Bold.ttf */,
				6673F4082B17E55C00A18E79 /* Inter-SemiBold.ttf */,
				6673F4142B19034700A18E79 /* Inter-Light.ttf */,
				6673F4122B19033C00A18E79 /* Inter-Regular.ttf */,
				66F70FA72B0D1765005062AD /* ZillaSlab-Light.ttf */,
			);
			path = Fonts;
			sourceTree = "<group>";
		};
		868AF16C97027B470AB69AA3 /* Frameworks */ = {
			isa = PBXGroup;
			children = (
				EBF9BEE0C09F903E47E7DEF9 /* Pods_VinylApp.framework */,
			);
			name = Frameworks;
			sourceTree = "<group>";
		};
		E08D81AF2E75D7E5F7884D03 /* Pods */ = {
			isa = PBXGroup;
			children = (
				19D9796EE849F97032D6ADFA /* Pods-VinylApp.debug.xcconfig */,
				03FF342FB39FF7DD9A9F8F52 /* Pods-VinylApp.release.xcconfig */,
			);
			path = Pods;
			sourceTree = "<group>";
		};
/* End PBXGroup section */

/* Begin PBXNativeTarget section */
		6681E5AA2AE1FC4700A81DB5 /* VinylApp */ = {
			isa = PBXNativeTarget;
			buildConfigurationList = 6681E5BF2AE1FC4800A81DB5 /* Build configuration list for PBXNativeTarget "VinylApp" */;
			buildPhases = (
				A31008B6ADC55DC0332A4EF6 /* [CP] Check Pods Manifest.lock */,
				6681E5A72AE1FC4700A81DB5 /* Sources */,
				6681E5A82AE1FC4700A81DB5 /* Frameworks */,
				6681E5A92AE1FC4700A81DB5 /* Resources */,
				DAD325248449FCD874D8901C /* [CP] Embed Pods Frameworks */,
			);
			buildRules = (
			);
			dependencies = (
			);
			name = VinylApp;
			packageProductDependencies = (
				6655DB232AE4557400BC619F /* SpotifyiOS */,
				66FCA19C2B1566C700741A1A /* SDWebImageSwiftUI */,
				66FCA19E2B1566D600741A1A /* SDWebImageSwiftUI */,
			);
			productName = VinylApp;
			productReference = 6681E5AB2AE1FC4700A81DB5 /* VinylApp.app */;
			productType = "com.apple.product-type.application";
		};
/* End PBXNativeTarget section */

/* Begin PBXProject section */
		6681E5A32AE1FC4700A81DB5 /* Project object */ = {
			isa = PBXProject;
			attributes = {
				BuildIndependentTargetsInParallel = 1;
				LastSwiftUpdateCheck = 1500;
				LastUpgradeCheck = 1430;
				TargetAttributes = {
					6681E5AA2AE1FC4700A81DB5 = {
						CreatedOnToolsVersion = 14.3.1;
						LastSwiftMigration = 1500;
					};
				};
			};
			buildConfigurationList = 6681E5A62AE1FC4700A81DB5 /* Build configuration list for PBXProject "VinylApp" */;
			compatibilityVersion = "Xcode 14.0";
			developmentRegion = en;
			hasScannedForEncodings = 0;
			knownRegions = (
				en,
				Base,
			);
			mainGroup = 6681E5A22AE1FC4700A81DB5;
			packageReferences = (
				6655DB222AE4557400BC619F /* XCRemoteSwiftPackageReference "ios-sdk" */,
				66FCA19B2B1566C700741A1A /* XCRemoteSwiftPackageReference "SDWebImageSwiftUI" */,
			);
			productRefGroup = 6681E5AC2AE1FC4700A81DB5 /* Products */;
			projectDirPath = "";
			projectRoot = "";
			targets = (
				6681E5AA2AE1FC4700A81DB5 /* VinylApp */,
			);
		};
/* End PBXProject section */

/* Begin PBXResourcesBuildPhase section */
		6681E5A92AE1FC4700A81DB5 /* Resources */ = {
			isa = PBXResourcesBuildPhase;
			buildActionMask = 2147483647;
			files = (
				66F70FA82B0D1765005062AD /* ZillaSlab-Light.ttf in Resources */,
				669CFFBF2B237B77007ECC81 /* Spotify_Icon.png in Resources */,
				66784C112B19959B00EDCB4B /* vinyl3.png in Resources */,
				6673F40F2B1901D900A18E79 /* headphones_man.jpeg in Resources */,
				66F70F972B0C9A42005062AD /* Launch Screen.storyboard in Resources */,
				66DF26142B5DBE29007C734B /* Spotify_Icon_White.png in Resources */,
				6673F4092B17E55C00A18E79 /* Inter-SemiBold.ttf in Resources */,
				6602FA752B1BF5320043CC93 /* error.png in Resources */,
				6673F4152B19034700A18E79 /* Inter-Light.ttf in Resources */,
				66B7A4952B0DEE5A004C81D5 /* spotify_image.png in Resources */,
				66F70FA62B0D1722005062AD /* Outfit-Bold.ttf in Resources */,
				6673F4072B17E55600A18E79 /* Inter-Bold.ttf in Resources */,
				6673F40B2B18527200A18E79 /* writing_man_trans.png in Resources */,
				6668831D2B0E6E8B005864D0 /* clean-logo.png in Resources */,
				6673F40D2B18634000A18E79 /* transparentmusicman.png in Resources */,
				6673F4192B19077000A18E79 /* 70s_man.png in Resources */,
				6668831B2B0E6E86005864D0 /* clean-background.png in Resources */,
				6655DB212AE1FD8F00BC619F /* GoogleService-Info.plist in Resources */,
				66FCA1A32B16850100741A1A /* Inter-Medium.ttf in Resources */,
				6673F4132B19033C00A18E79 /* Inter-Regular.ttf in Resources */,
				6681E5B82AE1FC4800A81DB5 /* Assets.xcassets in Resources */,
				662A9AC62B587DC200A39EA6 /* Spotify_Logo.png in Resources */,
			);
			runOnlyForDeploymentPostprocessing = 0;
		};
/* End PBXResourcesBuildPhase section */

/* Begin PBXShellScriptBuildPhase section */
		A31008B6ADC55DC0332A4EF6 /* [CP] Check Pods Manifest.lock */ = {
			isa = PBXShellScriptBuildPhase;
			buildActionMask = 2147483647;
			files = (
			);
			inputFileListPaths = (
			);
			inputPaths = (
				"${PODS_PODFILE_DIR_PATH}/Podfile.lock",
				"${PODS_ROOT}/Manifest.lock",
			);
			name = "[CP] Check Pods Manifest.lock";
			outputFileListPaths = (
			);
			outputPaths = (
				"$(DERIVED_FILE_DIR)/Pods-VinylApp-checkManifestLockResult.txt",
			);
			runOnlyForDeploymentPostprocessing = 0;
			shellPath = /bin/sh;
			shellScript = "diff \"${PODS_PODFILE_DIR_PATH}/Podfile.lock\" \"${PODS_ROOT}/Manifest.lock\" > /dev/null\nif [ $? != 0 ] ; then\n    # print error to STDERR\n    echo \"error: The sandbox is not in sync with the Podfile.lock. Run 'pod install' or update your CocoaPods installation.\" >&2\n    exit 1\nfi\n# This output is used by Xcode 'outputs' to avoid re-running this script phase.\necho \"SUCCESS\" > \"${SCRIPT_OUTPUT_FILE_0}\"\n";
			showEnvVarsInLog = 0;
		};
		DAD325248449FCD874D8901C /* [CP] Embed Pods Frameworks */ = {
			isa = PBXShellScriptBuildPhase;
			buildActionMask = 2147483647;
			files = (
			);
			inputFileListPaths = (
				"${PODS_ROOT}/Target Support Files/Pods-VinylApp/Pods-VinylApp-frameworks-${CONFIGURATION}-input-files.xcfilelist",
			);
			name = "[CP] Embed Pods Frameworks";
			outputFileListPaths = (
				"${PODS_ROOT}/Target Support Files/Pods-VinylApp/Pods-VinylApp-frameworks-${CONFIGURATION}-output-files.xcfilelist",
			);
			runOnlyForDeploymentPostprocessing = 0;
			shellPath = /bin/sh;
			shellScript = "\"${PODS_ROOT}/Target Support Files/Pods-VinylApp/Pods-VinylApp-frameworks.sh\"\n";
			showEnvVarsInLog = 0;
		};
/* End PBXShellScriptBuildPhase section */

/* Begin PBXSourcesBuildPhase section */
		6681E5A72AE1FC4700A81DB5 /* Sources */ = {
			isa = PBXSourcesBuildPhase;
			buildActionMask = 2147483647;
			files = (
				66B3B9682AE77F0D00129B1F /* PlayerControlsView.swift in Sources */,
				66DF3CD62AE61733003CB1E2 /* AuthManager.swift in Sources */,
				66DC737A2B0FE93A007ECCB5 /* LabelTexts.swift in Sources */,
				FC9F952C2B5DE64C004E071E /* ImageManager.swift in Sources */,
				66547A292AE72ED1009CD777 /* LibraryPlaylistsResponse.swift in Sources */,
				6681E5B32AE1FC4700A81DB5 /* UploadViewController.swift in Sources */,
				6681E5AF2AE1FC4700A81DB5 /* AppDelegate.swift in Sources */,
				66FCA1A72B168B5800741A1A /* LibraryView.swift in Sources */,
				FC9F952A2B5CEA33004E071E /* UploadView.swift in Sources */,
				66547A202AE6FA88009CD777 /* TrackCollectionViewCell.swift in Sources */,
				66547A142AE6E0D5009CD777 /* APIImage.swift in Sources */,
				66E2DB5C2B16CCC100F44F93 /* FirestoreManager.swift in Sources */,
				66547A122AE6DF74009CD777 /* Album.swift in Sources */,
				66547A2B2AE731A9009CD777 /* ActionLabelView.swift in Sources */,
				664F343B2B2BB90100613F01 /* SpotfiyLogInView.swift in Sources */,
				66547A1E2AE6F2C7009CD777 /* PlaylistDetailsResponse.swift in Sources */,
				664F343F2B2BC3D100613F01 /* LogInView.swift in Sources */,
				66DC737C2B0FEC0A007ECCB5 /* AppColors.swift in Sources */,
				666E43332B2B89F500B7FBDC /* SignUpView.swift in Sources */,
				66A0A0DA2AE63223002EE3B6 /* TabBarViewController.swift in Sources */,
				66547A102AE6DE3F009CD777 /* AudioTrack.swift in Sources */,
				66A0A0E42AE65D4C002EE3B6 /* SettingsViewController.swift in Sources */,
				6681E5B12AE1FC4700A81DB5 /* SceneDelegate.swift in Sources */,
				66547A1C2AE6EFD6009CD777 /* AlbumDetailsResponse.swift in Sources */,
				66DF3CD82AE61B08003CB1E2 /* AuthViewController.swift in Sources */,
				66547A232AE7049F009CD777 /* RecommendedTrackCellViewModel.swift in Sources */,
				6687CE942B2C1ECB009FAAEC /* ProfileViewController.swift in Sources */,
				66DF3CDE2AE62C06003CB1E2 /* AuthResponse.swift in Sources */,
				66547A2F2AE75ACA009CD777 /* PlaylistCollectionViewCell.swift in Sources */,
				66A0A0DC2AE64AA1002EE3B6 /* APICaller.swift in Sources */,
				66DF3CDA2AE61D7C003CB1E2 /* Extensions.swift in Sources */,
				661BF4EE2B1696E300BBAA16 /* HomeView.swift in Sources */,
				66547A182AE6E538009CD777 /* Playlist.swift in Sources */,
				66102FBB2B60435F001A188B /* SubscriptionManager.swift in Sources */,
				66FCA1A12B16617D00741A1A /* Playlist2VC.swift in Sources */,
				66547A162AE6E271009CD777 /* Artist.swift in Sources */,
				66A0A0DE2AE64B21002EE3B6 /* UserProfile.swift in Sources */,
			);
			runOnlyForDeploymentPostprocessing = 0;
		};
/* End PBXSourcesBuildPhase section */

/* Begin XCBuildConfiguration section */
		6681E5BD2AE1FC4800A81DB5 /* Debug */ = {
			isa = XCBuildConfiguration;
			buildSettings = {
				ALWAYS_SEARCH_USER_PATHS = NO;
				CLANG_ANALYZER_NONNULL = YES;
				CLANG_ANALYZER_NUMBER_OBJECT_CONVERSION = YES_AGGRESSIVE;
				CLANG_CXX_LANGUAGE_STANDARD = "gnu++20";
				CLANG_ENABLE_MODULES = YES;
				CLANG_ENABLE_OBJC_ARC = YES;
				CLANG_ENABLE_OBJC_WEAK = YES;
				CLANG_WARN_BLOCK_CAPTURE_AUTORELEASING = YES;
				CLANG_WARN_BOOL_CONVERSION = YES;
				CLANG_WARN_COMMA = YES;
				CLANG_WARN_CONSTANT_CONVERSION = YES;
				CLANG_WARN_DEPRECATED_OBJC_IMPLEMENTATIONS = YES;
				CLANG_WARN_DIRECT_OBJC_ISA_USAGE = YES_ERROR;
				CLANG_WARN_DOCUMENTATION_COMMENTS = YES;
				CLANG_WARN_EMPTY_BODY = YES;
				CLANG_WARN_ENUM_CONVERSION = YES;
				CLANG_WARN_INFINITE_RECURSION = YES;
				CLANG_WARN_INT_CONVERSION = YES;
				CLANG_WARN_NON_LITERAL_NULL_CONVERSION = YES;
				CLANG_WARN_OBJC_IMPLICIT_RETAIN_SELF = YES;
				CLANG_WARN_OBJC_LITERAL_CONVERSION = YES;
				CLANG_WARN_OBJC_ROOT_CLASS = YES_ERROR;
				CLANG_WARN_QUOTED_INCLUDE_IN_FRAMEWORK_HEADER = YES;
				CLANG_WARN_RANGE_LOOP_ANALYSIS = YES;
				CLANG_WARN_STRICT_PROTOTYPES = YES;
				CLANG_WARN_SUSPICIOUS_MOVE = YES;
				CLANG_WARN_UNGUARDED_AVAILABILITY = YES_AGGRESSIVE;
				CLANG_WARN_UNREACHABLE_CODE = YES;
				CLANG_WARN__DUPLICATE_METHOD_MATCH = YES;
				COPY_PHASE_STRIP = NO;
				DEBUG_INFORMATION_FORMAT = dwarf;
				ENABLE_STRICT_OBJC_MSGSEND = YES;
				ENABLE_TESTABILITY = YES;
				GCC_C_LANGUAGE_STANDARD = gnu11;
				GCC_DYNAMIC_NO_PIC = NO;
				GCC_NO_COMMON_BLOCKS = YES;
				GCC_OPTIMIZATION_LEVEL = 0;
				GCC_PREPROCESSOR_DEFINITIONS = (
					"DEBUG=1",
					"$(inherited)",
				);
				GCC_WARN_64_TO_32_BIT_CONVERSION = YES;
				GCC_WARN_ABOUT_RETURN_TYPE = YES_ERROR;
				GCC_WARN_UNDECLARED_SELECTOR = YES;
				GCC_WARN_UNINITIALIZED_AUTOS = YES_AGGRESSIVE;
				GCC_WARN_UNUSED_FUNCTION = YES;
				GCC_WARN_UNUSED_VARIABLE = YES;
				IPHONEOS_DEPLOYMENT_TARGET = 17.0;
				MTL_ENABLE_DEBUG_INFO = INCLUDE_SOURCE;
				MTL_FAST_MATH = YES;
				ONLY_ACTIVE_ARCH = YES;
				SDKROOT = iphoneos;
				SWIFT_ACTIVE_COMPILATION_CONDITIONS = DEBUG;
				SWIFT_OPTIMIZATION_LEVEL = "-Onone";
			};
			name = Debug;
		};
		6681E5BE2AE1FC4800A81DB5 /* Release */ = {
			isa = XCBuildConfiguration;
			buildSettings = {
				ALWAYS_SEARCH_USER_PATHS = NO;
				CLANG_ANALYZER_NONNULL = YES;
				CLANG_ANALYZER_NUMBER_OBJECT_CONVERSION = YES_AGGRESSIVE;
				CLANG_CXX_LANGUAGE_STANDARD = "gnu++20";
				CLANG_ENABLE_MODULES = YES;
				CLANG_ENABLE_OBJC_ARC = YES;
				CLANG_ENABLE_OBJC_WEAK = YES;
				CLANG_WARN_BLOCK_CAPTURE_AUTORELEASING = YES;
				CLANG_WARN_BOOL_CONVERSION = YES;
				CLANG_WARN_COMMA = YES;
				CLANG_WARN_CONSTANT_CONVERSION = YES;
				CLANG_WARN_DEPRECATED_OBJC_IMPLEMENTATIONS = YES;
				CLANG_WARN_DIRECT_OBJC_ISA_USAGE = YES_ERROR;
				CLANG_WARN_DOCUMENTATION_COMMENTS = YES;
				CLANG_WARN_EMPTY_BODY = YES;
				CLANG_WARN_ENUM_CONVERSION = YES;
				CLANG_WARN_INFINITE_RECURSION = YES;
				CLANG_WARN_INT_CONVERSION = YES;
				CLANG_WARN_NON_LITERAL_NULL_CONVERSION = YES;
				CLANG_WARN_OBJC_IMPLICIT_RETAIN_SELF = YES;
				CLANG_WARN_OBJC_LITERAL_CONVERSION = YES;
				CLANG_WARN_OBJC_ROOT_CLASS = YES_ERROR;
				CLANG_WARN_QUOTED_INCLUDE_IN_FRAMEWORK_HEADER = YES;
				CLANG_WARN_RANGE_LOOP_ANALYSIS = YES;
				CLANG_WARN_STRICT_PROTOTYPES = YES;
				CLANG_WARN_SUSPICIOUS_MOVE = YES;
				CLANG_WARN_UNGUARDED_AVAILABILITY = YES_AGGRESSIVE;
				CLANG_WARN_UNREACHABLE_CODE = YES;
				CLANG_WARN__DUPLICATE_METHOD_MATCH = YES;
				COPY_PHASE_STRIP = NO;
				DEBUG_INFORMATION_FORMAT = "dwarf-with-dsym";
				ENABLE_NS_ASSERTIONS = NO;
				ENABLE_STRICT_OBJC_MSGSEND = YES;
				GCC_C_LANGUAGE_STANDARD = gnu11;
				GCC_NO_COMMON_BLOCKS = YES;
				GCC_WARN_64_TO_32_BIT_CONVERSION = YES;
				GCC_WARN_ABOUT_RETURN_TYPE = YES_ERROR;
				GCC_WARN_UNDECLARED_SELECTOR = YES;
				GCC_WARN_UNINITIALIZED_AUTOS = YES_AGGRESSIVE;
				GCC_WARN_UNUSED_FUNCTION = YES;
				GCC_WARN_UNUSED_VARIABLE = YES;
				IPHONEOS_DEPLOYMENT_TARGET = 17.0;
				MTL_ENABLE_DEBUG_INFO = NO;
				MTL_FAST_MATH = YES;
				SDKROOT = iphoneos;
				SWIFT_COMPILATION_MODE = wholemodule;
				SWIFT_OPTIMIZATION_LEVEL = "-O";
				VALIDATE_PRODUCT = YES;
			};
			name = Release;
		};
		6681E5C02AE1FC4800A81DB5 /* Debug */ = {
			isa = XCBuildConfiguration;
			baseConfigurationReference = 19D9796EE849F97032D6ADFA /* Pods-VinylApp.debug.xcconfig */;
			buildSettings = {
				ASSETCATALOG_COMPILER_APPICON_NAME = AppIcon;
				ASSETCATALOG_COMPILER_GLOBAL_ACCENT_COLOR_NAME = AccentColor;
				CLANG_ENABLE_MODULES = YES;
				CODE_SIGN_STYLE = Automatic;
				CURRENT_PROJECT_VERSION = 1;
				DEVELOPMENT_TEAM = 5SZLNT5DHA;
				GENERATE_INFOPLIST_FILE = YES;
				INFOPLIST_FILE = VinylApp/Info.plist;
				INFOPLIST_KEY_CFBundleDisplayName = Aurify;
				INFOPLIST_KEY_NSCameraUsageDescription = "VinylApp camera description.";
				INFOPLIST_KEY_NSPhotoLibraryUsageDescription = "Please Allow Access to Upload Photos";
				INFOPLIST_KEY_UIApplicationSupportsIndirectInputEvents = YES;
				INFOPLIST_KEY_UILaunchStoryboardName = "Launch Screen.storyboard";
				INFOPLIST_KEY_UISupportedInterfaceOrientations_iPad = "UIInterfaceOrientationPortrait UIInterfaceOrientationPortraitUpsideDown UIInterfaceOrientationLandscapeLeft UIInterfaceOrientationLandscapeRight";
				INFOPLIST_KEY_UISupportedInterfaceOrientations_iPhone = "UIInterfaceOrientationPortrait UIInterfaceOrientationLandscapeLeft UIInterfaceOrientationLandscapeRight";
				LD_RUNPATH_SEARCH_PATHS = (
					"$(inherited)",
					"@executable_path/Frameworks",
				);
				MARKETING_VERSION = 1.0;
				PRODUCT_BUNDLE_IDENTIFIER = com.brogibbs.VinylApp;
				PRODUCT_NAME = "$(TARGET_NAME)";
				SWIFT_EMIT_LOC_STRINGS = YES;
				SWIFT_OBJC_BRIDGING_HEADER = "VinylApp/VinylApp-Bridging-Header.h";
				SWIFT_OPTIMIZATION_LEVEL = "-Onone";
				SWIFT_VERSION = 5.0;
				TARGETED_DEVICE_FAMILY = "1,2";
			};
			name = Debug;
		};
		6681E5C12AE1FC4800A81DB5 /* Release */ = {
			isa = XCBuildConfiguration;
			baseConfigurationReference = 03FF342FB39FF7DD9A9F8F52 /* Pods-VinylApp.release.xcconfig */;
			buildSettings = {
				ASSETCATALOG_COMPILER_APPICON_NAME = AppIcon;
				ASSETCATALOG_COMPILER_GLOBAL_ACCENT_COLOR_NAME = AccentColor;
				CLANG_ENABLE_MODULES = YES;
				CODE_SIGN_STYLE = Automatic;
				CURRENT_PROJECT_VERSION = 1;
				DEVELOPMENT_TEAM = NJ64FZB25H;
				GENERATE_INFOPLIST_FILE = YES;
				INFOPLIST_FILE = VinylApp/Info.plist;
				INFOPLIST_KEY_CFBundleDisplayName = Aurify;
				INFOPLIST_KEY_NSCameraUsageDescription = "VinylApp camera description.";
				INFOPLIST_KEY_NSPhotoLibraryUsageDescription = "Please Allow Access to Upload Photos";
				INFOPLIST_KEY_UIApplicationSupportsIndirectInputEvents = YES;
				INFOPLIST_KEY_UILaunchStoryboardName = "Launch Screen.storyboard";
				INFOPLIST_KEY_UISupportedInterfaceOrientations_iPad = "UIInterfaceOrientationPortrait UIInterfaceOrientationPortraitUpsideDown UIInterfaceOrientationLandscapeLeft UIInterfaceOrientationLandscapeRight";
				INFOPLIST_KEY_UISupportedInterfaceOrientations_iPhone = "UIInterfaceOrientationPortrait UIInterfaceOrientationLandscapeLeft UIInterfaceOrientationLandscapeRight";
				LD_RUNPATH_SEARCH_PATHS = (
					"$(inherited)",
					"@executable_path/Frameworks",
				);
				MARKETING_VERSION = 1.0;
				PRODUCT_BUNDLE_IDENTIFIER = com.brogibbs.VinylApp;
				PRODUCT_NAME = "$(TARGET_NAME)";
				SWIFT_EMIT_LOC_STRINGS = YES;
				SWIFT_OBJC_BRIDGING_HEADER = "VinylApp/VinylApp-Bridging-Header.h";
				SWIFT_VERSION = 5.0;
				TARGETED_DEVICE_FAMILY = "1,2";
			};
			name = Release;
		};
/* End XCBuildConfiguration section */

/* Begin XCConfigurationList section */
		6681E5A62AE1FC4700A81DB5 /* Build configuration list for PBXProject "VinylApp" */ = {
			isa = XCConfigurationList;
			buildConfigurations = (
				6681E5BD2AE1FC4800A81DB5 /* Debug */,
				6681E5BE2AE1FC4800A81DB5 /* Release */,
			);
			defaultConfigurationIsVisible = 0;
			defaultConfigurationName = Release;
		};
		6681E5BF2AE1FC4800A81DB5 /* Build configuration list for PBXNativeTarget "VinylApp" */ = {
			isa = XCConfigurationList;
			buildConfigurations = (
				6681E5C02AE1FC4800A81DB5 /* Debug */,
				6681E5C12AE1FC4800A81DB5 /* Release */,
			);
			defaultConfigurationIsVisible = 0;
			defaultConfigurationName = Release;
		};
/* End XCConfigurationList section */

/* Begin XCRemoteSwiftPackageReference section */
		6655DB222AE4557400BC619F /* XCRemoteSwiftPackageReference "ios-sdk" */ = {
			isa = XCRemoteSwiftPackageReference;
			repositoryURL = "https://github.com/spotify/ios-sdk.git";
			requirement = {
				branch = master;
				kind = branch;
			};
		};
		66FCA19B2B1566C700741A1A /* XCRemoteSwiftPackageReference "SDWebImageSwiftUI" */ = {
			isa = XCRemoteSwiftPackageReference;
			repositoryURL = "https://github.com/SDWebImage/SDWebImageSwiftUI.git";
			requirement = {
				kind = upToNextMajorVersion;
				minimumVersion = 2.2.4;
			};
		};
/* End XCRemoteSwiftPackageReference section */

/* Begin XCSwiftPackageProductDependency section */
		6655DB232AE4557400BC619F /* SpotifyiOS */ = {
			isa = XCSwiftPackageProductDependency;
			package = 6655DB222AE4557400BC619F /* XCRemoteSwiftPackageReference "ios-sdk" */;
			productName = SpotifyiOS;
		};
		66FCA19C2B1566C700741A1A /* SDWebImageSwiftUI */ = {
			isa = XCSwiftPackageProductDependency;
			package = 66FCA19B2B1566C700741A1A /* XCRemoteSwiftPackageReference "SDWebImageSwiftUI" */;
			productName = SDWebImageSwiftUI;
		};
		66FCA19E2B1566D600741A1A /* SDWebImageSwiftUI */ = {
			isa = XCSwiftPackageProductDependency;
			package = 66FCA19B2B1566C700741A1A /* XCRemoteSwiftPackageReference "SDWebImageSwiftUI" */;
			productName = SDWebImageSwiftUI;
		};
/* End XCSwiftPackageProductDependency section */
	};
	rootObject = 6681E5A32AE1FC4700A81DB5 /* Project object */;
}
